// !$*UTF8*$!
{
	archiveVersion = 1;
	classes = {
	};
	objectVersion = 46;
	objects = {

/* Begin PBXBuildFile section */
		1D029B271DB3E8AB00948FBE /* pokemon.ttf in Resources */ = {isa = PBXBuildFile; fileRef = 1D029B261DB3E8AB00948FBE /* pokemon.ttf */; };
		1D029B291DB3E8B500948FBE /* music.mp3 in Resources */ = {isa = PBXBuildFile; fileRef = 1D029B281DB3E8B500948FBE /* music.mp3 */; };
		1D07DD201DB80B1300597AA0 /* Constant.swift in Sources */ = {isa = PBXBuildFile; fileRef = 1D07DD1F1DB80B1300597AA0 /* Constant.swift */; };
		1D7AE6C51DAEAA9900F2F4DD /* csv.swift in Sources */ = {isa = PBXBuildFile; fileRef = 1D7AE6C41DAEAA9900F2F4DD /* csv.swift */; };
		1D85F2131DB52B780021FE46 /* PokemonDetailVC.swift in Sources */ = {isa = PBXBuildFile; fileRef = 1D85F2121DB52B780021FE46 /* PokemonDetailVC.swift */; };
		1D8E76701DAC1E0700602220 /* AppDelegate.swift in Sources */ = {isa = PBXBuildFile; fileRef = 1D8E766F1DAC1E0700602220 /* AppDelegate.swift */; };
		1D8E76721DAC1E0700602220 /* MainVC.swift in Sources */ = {isa = PBXBuildFile; fileRef = 1D8E76711DAC1E0700602220 /* MainVC.swift */; };
		1D8E76751DAC1E0700602220 /* Main.storyboard in Resources */ = {isa = PBXBuildFile; fileRef = 1D8E76731DAC1E0700602220 /* Main.storyboard */; };
		1D8E76771DAC1E0700602220 /* Assets.xcassets in Resources */ = {isa = PBXBuildFile; fileRef = 1D8E76761DAC1E0700602220 /* Assets.xcassets */; };
		1D8E767A1DAC1E0700602220 /* LaunchScreen.storyboard in Resources */ = {isa = PBXBuildFile; fileRef = 1D8E76781DAC1E0700602220 /* LaunchScreen.storyboard */; };
		1D8E76821DAC20CE00602220 /* pokemon.csv in Resources */ = {isa = PBXBuildFile; fileRef = 1D8E76811DAC20CE00602220 /* pokemon.csv */; };
		1DDDB8E71DAC41A200BAFAF2 /* Pokemon.swift in Sources */ = {isa = PBXBuildFile; fileRef = 1DDDB8E61DAC41A200BAFAF2 /* Pokemon.swift */; };
		1DDDB8E91DAC433500BAFAF2 /* PokeCell.swift in Sources */ = {isa = PBXBuildFile; fileRef = 1DDDB8E81DAC433500BAFAF2 /* PokeCell.swift */; };
		30D11A799F0C71C4DEBFA4F6 /* Pods_Pokedex3.framework in Frameworks */ = {isa = PBXBuildFile; fileRef = 4A88835D0A483B87963AC972 /* Pods_Pokedex3.framework */; };
/* End PBXBuildFile section */

/* Begin PBXFileReference section */
		05FC694BC6F951528ED93047 /* Pods-Pokedex3.release.xcconfig */ = {isa = PBXFileReference; includeInIndex = 1; lastKnownFileType = text.xcconfig; name = "Pods-Pokedex3.release.xcconfig"; path = "Pods/Target Support Files/Pods-Pokedex3/Pods-Pokedex3.release.xcconfig"; sourceTree = "<group>"; };
		1D029B261DB3E8AB00948FBE /* pokemon.ttf */ = {isa = PBXFileReference; lastKnownFileType = file; path = pokemon.ttf; sourceTree = "<group>"; };
		1D029B281DB3E8B500948FBE /* music.mp3 */ = {isa = PBXFileReference; lastKnownFileType = audio.mp3; path = music.mp3; sourceTree = "<group>"; };
		1D07DD1F1DB80B1300597AA0 /* Constant.swift */ = {isa = PBXFileReference; fileEncoding = 4; lastKnownFileType = sourcecode.swift; path = Constant.swift; sourceTree = "<group>"; };
		1D7AE6C41DAEAA9900F2F4DD /* csv.swift */ = {isa = PBXFileReference; fileEncoding = 4; lastKnownFileType = sourcecode.swift; path = csv.swift; sourceTree = "<group>"; };
		1D85F2121DB52B780021FE46 /* PokemonDetailVC.swift */ = {isa = PBXFileReference; fileEncoding = 4; lastKnownFileType = sourcecode.swift; path = PokemonDetailVC.swift; sourceTree = "<group>"; };
		1D8E766C1DAC1E0700602220 /* Pokedex3.app */ = {isa = PBXFileReference; explicitFileType = wrapper.application; includeInIndex = 0; path = Pokedex3.app; sourceTree = BUILT_PRODUCTS_DIR; };
		1D8E766F1DAC1E0700602220 /* AppDelegate.swift */ = {isa = PBXFileReference; lastKnownFileType = sourcecode.swift; path = AppDelegate.swift; sourceTree = "<group>"; };
		1D8E76711DAC1E0700602220 /* MainVC.swift */ = {isa = PBXFileReference; lastKnownFileType = sourcecode.swift; path = MainVC.swift; sourceTree = "<group>"; };
		1D8E76741DAC1E0700602220 /* Base */ = {isa = PBXFileReference; lastKnownFileType = file.storyboard; name = Base; path = Base.lproj/Main.storyboard; sourceTree = "<group>"; };
		1D8E76761DAC1E0700602220 /* Assets.xcassets */ = {isa = PBXFileReference; lastKnownFileType = folder.assetcatalog; path = Assets.xcassets; sourceTree = "<group>"; };
		1D8E76791DAC1E0700602220 /* Base */ = {isa = PBXFileReference; lastKnownFileType = file.storyboard; name = Base; path = Base.lproj/LaunchScreen.storyboard; sourceTree = "<group>"; };
		1D8E767B1DAC1E0700602220 /* Info.plist */ = {isa = PBXFileReference; lastKnownFileType = text.plist.xml; path = Info.plist; sourceTree = "<group>"; };
		1D8E76811DAC20CE00602220 /* pokemon.csv */ = {isa = PBXFileReference; fileEncoding = 4; lastKnownFileType = text; path = pokemon.csv; sourceTree = "<group>"; };
		1DDDB8E61DAC41A200BAFAF2 /* Pokemon.swift */ = {isa = PBXFileReference; fileEncoding = 4; lastKnownFileType = sourcecode.swift; path = Pokemon.swift; sourceTree = "<group>"; };
		1DDDB8E81DAC433500BAFAF2 /* PokeCell.swift */ = {isa = PBXFileReference; fileEncoding = 4; lastKnownFileType = sourcecode.swift; path = PokeCell.swift; sourceTree = "<group>"; };
		4A88835D0A483B87963AC972 /* Pods_Pokedex3.framework */ = {isa = PBXFileReference; explicitFileType = wrapper.framework; includeInIndex = 0; path = Pods_Pokedex3.framework; sourceTree = BUILT_PRODUCTS_DIR; };
		D67820AB7183E016DE545851 /* Pods-Pokedex3.debug.xcconfig */ = {isa = PBXFileReference; includeInIndex = 1; lastKnownFileType = text.xcconfig; name = "Pods-Pokedex3.debug.xcconfig"; path = "Pods/Target Support Files/Pods-Pokedex3/Pods-Pokedex3.debug.xcconfig"; sourceTree = "<group>"; };
/* End PBXFileReference section */

/* Begin PBXFrameworksBuildPhase section */
		1D8E76691DAC1E0700602220 /* Frameworks */ = {
			isa = PBXFrameworksBuildPhase;
			buildActionMask = 2147483647;
			files = (
				30D11A799F0C71C4DEBFA4F6 /* Pods_Pokedex3.framework in Frameworks */,
			);
			runOnlyForDeploymentPostprocessing = 0;
		};
/* End PBXFrameworksBuildPhase section */

/* Begin PBXGroup section */
		1D029B251DB3E5AA00948FBE /* Util */ = {
			isa = PBXGroup;
			children = (
				1D7AE6C41DAEAA9900F2F4DD /* csv.swift */,
				1D07DD1F1DB80B1300597AA0 /* Constant.swift */,
			);
			name = Util;
			sourceTree = "<group>";
		};
		1D8E76631DAC1E0600602220 = {
			isa = PBXGroup;
			children = (
				1D8E766E1DAC1E0700602220 /* Pokedex3 */,
				1D8E766D1DAC1E0700602220 /* Products */,
				86301E755A7C650131084828 /* Pods */,
				4C351F647F8E2B7EA92BA615 /* Frameworks */,
			);
			sourceTree = "<group>";
		};
		1D8E766D1DAC1E0700602220 /* Products */ = {
			isa = PBXGroup;
			children = (
				1D8E766C1DAC1E0700602220 /* Pokedex3.app */,
			);
			name = Products;
			sourceTree = "<group>";
		};
		1D8E766E1DAC1E0700602220 /* Pokedex3 */ = {
			isa = PBXGroup;
			children = (
				1DDDB8E21DAC415800BAFAF2 /* Model */,
				1DDDB8E31DAC415D00BAFAF2 /* View */,
				1DDDB8E41DAC416300BAFAF2 /* Controller */,
				1DDDB8E51DAC418000BAFAF2 /* Resources */,
				1D029B251DB3E5AA00948FBE /* Util */,
				1D8E766F1DAC1E0700602220 /* AppDelegate.swift */,
				1D8E76731DAC1E0700602220 /* Main.storyboard */,
				1D8E76761DAC1E0700602220 /* Assets.xcassets */,
				1D8E76781DAC1E0700602220 /* LaunchScreen.storyboard */,
				1D8E767B1DAC1E0700602220 /* Info.plist */,
			);
			path = Pokedex3;
			sourceTree = "<group>";
		};
		1DDDB8E21DAC415800BAFAF2 /* Model */ = {
			isa = PBXGroup;
			children = (
				1DDDB8E61DAC41A200BAFAF2 /* Pokemon.swift */,
			);
			name = Model;
			sourceTree = "<group>";
		};
		1DDDB8E31DAC415D00BAFAF2 /* View */ = {
			isa = PBXGroup;
			children = (
				1DDDB8E81DAC433500BAFAF2 /* PokeCell.swift */,
			);
			name = View;
			sourceTree = "<group>";
		};
		1DDDB8E41DAC416300BAFAF2 /* Controller */ = {
			isa = PBXGroup;
			children = (
				1D8E76711DAC1E0700602220 /* MainVC.swift */,
				1D85F2121DB52B780021FE46 /* PokemonDetailVC.swift */,
			);
			name = Controller;
			sourceTree = "<group>";
		};
		1DDDB8E51DAC418000BAFAF2 /* Resources */ = {
			isa = PBXGroup;
			children = (
				1D029B281DB3E8B500948FBE /* music.mp3 */,
				1D029B261DB3E8AB00948FBE /* pokemon.ttf */,
				1D8E76811DAC20CE00602220 /* pokemon.csv */,
			);
			name = Resources;
			sourceTree = "<group>";
		};
		4C351F647F8E2B7EA92BA615 /* Frameworks */ = {
			isa = PBXGroup;
			children = (
				4A88835D0A483B87963AC972 /* Pods_Pokedex3.framework */,
			);
			name = Frameworks;
			sourceTree = "<group>";
		};
		86301E755A7C650131084828 /* Pods */ = {
			isa = PBXGroup;
			children = (
				D67820AB7183E016DE545851 /* Pods-Pokedex3.debug.xcconfig */,
				05FC694BC6F951528ED93047 /* Pods-Pokedex3.release.xcconfig */,
			);
			name = Pods;
			sourceTree = "<group>";
		};
/* End PBXGroup section */

/* Begin PBXNativeTarget section */
		1D8E766B1DAC1E0700602220 /* Pokedex3 */ = {
			isa = PBXNativeTarget;
			buildConfigurationList = 1D8E767E1DAC1E0700602220 /* Build configuration list for PBXNativeTarget "Pokedex3" */;
			buildPhases = (
				B97A655CDF53DE81DAF9A169 /* [CP] Check Pods Manifest.lock */,
				1D8E76681DAC1E0700602220 /* Sources */,
				1D8E76691DAC1E0700602220 /* Frameworks */,
				1D8E766A1DAC1E0700602220 /* Resources */,
				CFDEF49F123B73E4B858F9C4 /* [CP] Embed Pods Frameworks */,
				51E112D4F8C97DAB28018E24 /* [CP] Copy Pods Resources */,
			);
			buildRules = (
			);
			dependencies = (
			);
			name = Pokedex3;
			productName = Pokedex3;
			productReference = 1D8E766C1DAC1E0700602220 /* Pokedex3.app */;
			productType = "com.apple.product-type.application";
		};
/* End PBXNativeTarget section */

/* Begin PBXProject section */
		1D8E76641DAC1E0600602220 /* Project object */ = {
			isa = PBXProject;
			attributes = {
				LastSwiftUpdateCheck = 0810;
				LastUpgradeCheck = 0810;
				ORGANIZATIONNAME = "Upendar Gareri";
				TargetAttributes = {
					1D8E766B1DAC1E0700602220 = {
						CreatedOnToolsVersion = 8.1;
						DevelopmentTeam = UG7QE944RA;
						LastSwiftMigration = 0810;
						ProvisioningStyle = Automatic;
					};
				};
			};
			buildConfigurationList = 1D8E76671DAC1E0600602220 /* Build configuration list for PBXProject "Pokedex3" */;
			compatibilityVersion = "Xcode 3.2";
			developmentRegion = English;
			hasScannedForEncodings = 0;
			knownRegions = (
				en,
				Base,
			);
			mainGroup = 1D8E76631DAC1E0600602220;
			productRefGroup = 1D8E766D1DAC1E0700602220 /* Products */;
			projectDirPath = "";
			projectRoot = "";
			targets = (
				1D8E766B1DAC1E0700602220 /* Pokedex3 */,
			);
		};
/* End PBXProject section */

/* Begin PBXResourcesBuildPhase section */
		1D8E766A1DAC1E0700602220 /* Resources */ = {
			isa = PBXResourcesBuildPhase;
			buildActionMask = 2147483647;
			files = (
				1D029B271DB3E8AB00948FBE /* pokemon.ttf in Resources */,
				1D8E767A1DAC1E0700602220 /* LaunchScreen.storyboard in Resources */,
				1D029B291DB3E8B500948FBE /* music.mp3 in Resources */,
				1D8E76771DAC1E0700602220 /* Assets.xcassets in Resources */,
				1D8E76821DAC20CE00602220 /* pokemon.csv in Resources */,
				1D8E76751DAC1E0700602220 /* Main.storyboard in Resources */,
			);
			runOnlyForDeploymentPostprocessing = 0;
		};
/* End PBXResourcesBuildPhase section */

/* Begin PBXShellScriptBuildPhase section */
		51E112D4F8C97DAB28018E24 /* [CP] Copy Pods Resources */ = {
			isa = PBXShellScriptBuildPhase;
			buildActionMask = 2147483647;
			files = (
			);
			inputPaths = (
			);
			name = "[CP] Copy Pods Resources";
			outputPaths = (
			);
			runOnlyForDeploymentPostprocessing = 0;
			shellPath = /bin/sh;
			shellScript = "\"${SRCROOT}/Pods/Target Support Files/Pods-Pokedex3/Pods-Pokedex3-resources.sh\"\n";
			showEnvVarsInLog = 0;
		};
		B97A655CDF53DE81DAF9A169 /* [CP] Check Pods Manifest.lock */ = {
			isa = PBXShellScriptBuildPhase;
			buildActionMask = 2147483647;
			files = (
			);
			inputPaths = (
			);
			name = "[CP] Check Pods Manifest.lock";
			outputPaths = (
			);
			runOnlyForDeploymentPostprocessing = 0;
			shellPath = /bin/sh;
			shellScript = "diff \"${PODS_ROOT}/../Podfile.lock\" \"${PODS_ROOT}/Manifest.lock\" > /dev/null\nif [ $? != 0 ] ; then\n    # print error to STDERR\n    echo \"error: The sandbox is not in sync with the Podfile.lock. Run 'pod install' or update your CocoaPods installation.\" >&2\n    exit 1\nfi\n";
			showEnvVarsInLog = 0;
		};
		CFDEF49F123B73E4B858F9C4 /* [CP] Embed Pods Frameworks */ = {
			isa = PBXShellScriptBuildPhase;
			buildActionMask = 2147483647;
			files = (
			);
			inputPaths = (
			);
			name = "[CP] Embed Pods Frameworks";
			outputPaths = (
			);
			runOnlyForDeploymentPostprocessing = 0;
			shellPath = /bin/sh;
			shellScript = "\"${SRCROOT}/Pods/Target Support Files/Pods-Pokedex3/Pods-Pokedex3-frameworks.sh\"\n";
			showEnvVarsInLog = 0;
		};
/* End PBXShellScriptBuildPhase section */

/* Begin PBXSourcesBuildPhase section */
		1D8E76681DAC1E0700602220 /* Sources */ = {
			isa = PBXSourcesBuildPhase;
			buildActionMask = 2147483647;
			files = (
				1D07DD201DB80B1300597AA0 /* Constant.swift in Sources */,
				1DDDB8E91DAC433500BAFAF2 /* PokeCell.swift in Sources */,
				1D8E76721DAC1E0700602220 /* MainVC.swift in Sources */,
				1D8E76701DAC1E0700602220 /* AppDelegate.swift in Sources */,
				1D85F2131DB52B780021FE46 /* PokemonDetailVC.swift in Sources */,
				1DDDB8E71DAC41A200BAFAF2 /* Pokemon.swift in Sources */,
				1D7AE6C51DAEAA9900F2F4DD /* csv.swift in Sources */,
			);
			runOnlyForDeploymentPostprocessing = 0;
		};
/* End PBXSourcesBuildPhase section */

/* Begin PBXVariantGroup section */
		1D8E76731DAC1E0700602220 /* Main.storyboard */ = {
			isa = PBXVariantGroup;
			children = (
				1D8E76741DAC1E0700602220 /* Base */,
			);
			name = Main.storyboard;
			sourceTree = "<group>";
		};
		1D8E76781DAC1E0700602220 /* LaunchScreen.storyboard */ = {
			isa = PBXVariantGroup;
			children = (
				1D8E76791DAC1E0700602220 /* Base */,
			);
			name = LaunchScreen.storyboard;
			sourceTree = "<group>";
		};
/* End PBXVariantGroup section */

/* Begin XCBuildConfiguration section */
		1D8E767C1DAC1E0700602220 /* Debug */ = {
			isa = XCBuildConfiguration;
			buildSettings = {
				ALWAYS_SEARCH_USER_PATHS = NO;
				CLANG_ANALYZER_NONNULL = YES;
				CLANG_CXX_LANGUAGE_STANDARD = "gnu++0x";
				CLANG_CXX_LIBRARY = "libc++";
				CLANG_ENABLE_MODULES = YES;
				CLANG_ENABLE_OBJC_ARC = YES;
				CLANG_WARN_BOOL_CONVERSION = YES;
				CLANG_WARN_CONSTANT_CONVERSION = YES;
				CLANG_WARN_DIRECT_OBJC_ISA_USAGE = YES_ERROR;
				CLANG_WARN_DOCUMENTATION_COMMENTS = YES;
				CLANG_WARN_EMPTY_BODY = YES;
				CLANG_WARN_ENUM_CONVERSION = YES;
				CLANG_WARN_INFINITE_RECURSION = YES;
				CLANG_WARN_INT_CONVERSION = YES;
				CLANG_WARN_OBJC_ROOT_CLASS = YES_ERROR;
				CLANG_WARN_SUSPICIOUS_MOVES = YES;
				CLANG_WARN_UNREACHABLE_CODE = YES;
				CLANG_WARN__DUPLICATE_METHOD_MATCH = YES;
				"CODE_SIGN_IDENTITY[sdk=iphoneos*]" = "iPhone Developer";
				COPY_PHASE_STRIP = NO;
				DEBUG_INFORMATION_FORMAT = dwarf;
				ENABLE_STRICT_OBJC_MSGSEND = YES;
				ENABLE_TESTABILITY = YES;
				GCC_C_LANGUAGE_STANDARD = gnu99;
				GCC_DYNAMIC_NO_PIC = NO;
				GCC_NO_COMMON_BLOCKS = YES;
				GCC_OPTIMIZATION_LEVEL = 0;
				GCC_PREPROCESSOR_DEFINITIONS = (
					"DEBUG=1",
					"$(inherited)",
				);
				GCC_WARN_64_TO_32_BIT_CONVERSION = YES;
				GCC_WARN_ABOUT_RETURN_TYPE = YES_ERROR;
				GCC_WARN_UNDECLARED_SELECTOR = YES;
				GCC_WARN_UNINITIALIZED_AUTOS = YES_AGGRESSIVE;
				GCC_WARN_UNUSED_FUNCTION = YES;
				GCC_WARN_UNUSED_VARIABLE = YES;
				IPHONEOS_DEPLOYMENT_TARGET = 10.1;
				MTL_ENABLE_DEBUG_INFO = YES;
				ONLY_ACTIVE_ARCH = YES;
				SDKROOT = iphoneos;
				SWIFT_ACTIVE_COMPILATION_CONDITIONS = DEBUG;
				SWIFT_OPTIMIZATION_LEVEL = "-Onone";
			};
			name = Debug;
		};
		1D8E767D1DAC1E0700602220 /* Release */ = {
			isa = XCBuildConfiguration;
			buildSettings = {
				ALWAYS_SEARCH_USER_PATHS = NO;
				CLANG_ANALYZER_NONNULL = YES;
				CLANG_CXX_LANGUAGE_STANDARD = "gnu++0x";
				CLANG_CXX_LIBRARY = "libc++";
				CLANG_ENABLE_MODULES = YES;
				CLANG_ENABLE_OBJC_ARC = YES;
				CLANG_WARN_BOOL_CONVERSION = YES;
				CLANG_WARN_CONSTANT_CONVERSION = YES;
				CLANG_WARN_DIRECT_OBJC_ISA_USAGE = YES_ERROR;
				CLANG_WARN_DOCUMENTATION_COMMENTS = YES;
				CLANG_WARN_EMPTY_BODY = YES;
				CLANG_WARN_ENUM_CONVERSION = YES;
				CLANG_WARN_INFINITE_RECURSION = YES;
				CLANG_WARN_INT_CONVERSION = YES;
				CLANG_WARN_OBJC_ROOT_CLASS = YES_ERROR;
				CLANG_WARN_SUSPICIOUS_MOVES = YES;
				CLANG_WARN_UNREACHABLE_CODE = YES;
				CLANG_WARN__DUPLICATE_METHOD_MATCH = YES;
				"CODE_SIGN_IDENTITY[sdk=iphoneos*]" = "iPhone Developer";
				COPY_PHASE_STRIP = NO;
				DEBUG_INFORMATION_FORMAT = "dwarf-with-dsym";
				ENABLE_NS_ASSERTIONS = NO;
				ENABLE_STRICT_OBJC_MSGSEND = YES;
				GCC_C_LANGUAGE_STANDARD = gnu99;
				GCC_NO_COMMON_BLOCKS = YES;
				GCC_WARN_64_TO_32_BIT_CONVERSION = YES;
				GCC_WARN_ABOUT_RETURN_TYPE = YES_ERROR;
				GCC_WARN_UNDECLARED_SELECTOR = YES;
				GCC_WARN_UNINITIALIZED_AUTOS = YES_AGGRESSIVE;
				GCC_WARN_UNUSED_FUNCTION = YES;
				GCC_WARN_UNUSED_VARIABLE = YES;
				IPHONEOS_DEPLOYMENT_TARGET = 10.1;
				MTL_ENABLE_DEBUG_INFO = NO;
				SDKROOT = iphoneos;
				SWIFT_OPTIMIZATION_LEVEL = "-Owholemodule";
				VALIDATE_PRODUCT = YES;
			};
			name = Release;
		};
		1D8E767F1DAC1E0700602220 /* Debug */ = {
			isa = XCBuildConfiguration;
			baseConfigurationReference = D67820AB7183E016DE545851 /* Pods-Pokedex3.debug.xcconfig */;
			buildSettings = {
				ASSETCATALOG_COMPILER_APPICON_NAME = AppIcon;
				DEVELOPMENT_TEAM = UG7QE944RA;
				INFOPLIST_FILE = Pokedex3/Info.plist;
				LD_RUNPATH_SEARCH_PATHS = "$(inherited) @executable_path/Frameworks";
				PRODUCT_BUNDLE_IDENTIFIER = com.upengareri.Pokedex3;
				PRODUCT_NAME = "$(TARGET_NAME)";
				SWIFT_VERSION = 3.0;
			};
			name = Debug;
		};
		1D8E76801DAC1E0700602220 /* Release */ = {
			isa = XCBuildConfiguration;
			baseConfigurationReference = 05FC694BC6F951528ED93047 /* Pods-Pokedex3.release.xcconfig */;
			buildSettings = {
				ASSETCATALOG_COMPILER_APPICON_NAME = AppIcon;
				DEVELOPMENT_TEAM = UG7QE944RA;
				INFOPLIST_FILE = Pokedex3/Info.plist;
				LD_RUNPATH_SEARCH_PATHS = "$(inherited) @executable_path/Frameworks";
				PRODUCT_BUNDLE_IDENTIFIER = com.upengareri.Pokedex3;
				PRODUCT_NAME = "$(TARGET_NAME)";
				SWIFT_VERSION = 3.0;
			};
			name = Release;
		};
/* End XCBuildConfiguration section */

/* Begin XCConfigurationList section */
		1D8E76671DAC1E0600602220 /* Build configuration list for PBXProject "Pokedex3" */ = {
			isa = XCConfigurationList;
			buildConfigurations = (
				1D8E767C1DAC1E0700602220 /* Debug */,
				1D8E767D1DAC1E0700602220 /* Release */,
			);
			defaultConfigurationIsVisible = 0;
			defaultConfigurationName = Release;
		};
		1D8E767E1DAC1E0700602220 /* Build configuration list for PBXNativeTarget "Pokedex3" */ = {
			isa = XCConfigurationList;
			buildConfigurations = (
				1D8E767F1DAC1E0700602220 /* Debug */,
				1D8E76801DAC1E0700602220 /* Release */,
			);
			defaultConfigurationIsVisible = 0;
			defaultConfigurationName = Release;
		};
/* End XCConfigurationList section */
	};
	rootObject = 1D8E76641DAC1E0600602220 /* Project object */;
}
